// !$*UTF8*$!
{
	archiveVersion = 1;
	classes = {
	};
	objectVersion = 46;
	objects = {

/* Begin PBXBuildFile section */
		A45A22861FA9C56800CBAD4B /* AppDelegate.swift in Sources */ = {isa = PBXBuildFile; fileRef = A45A22851FA9C56800CBAD4B /* AppDelegate.swift */; };
		A45A22881FA9C56800CBAD4B /* ViewController.swift in Sources */ = {isa = PBXBuildFile; fileRef = A45A22871FA9C56800CBAD4B /* ViewController.swift */; };
		A45A228B1FA9C56800CBAD4B /* Main.storyboard in Resources */ = {isa = PBXBuildFile; fileRef = A45A22891FA9C56800CBAD4B /* Main.storyboard */; };
		A45A228D1FA9C56800CBAD4B /* Assets.xcassets in Resources */ = {isa = PBXBuildFile; fileRef = A45A228C1FA9C56800CBAD4B /* Assets.xcassets */; };
		A45A22901FA9C56800CBAD4B /* LaunchScreen.storyboard in Resources */ = {isa = PBXBuildFile; fileRef = A45A228E1FA9C56800CBAD4B /* LaunchScreen.storyboard */; };
		A45A229B1FA9C56800CBAD4B /* StudyRxSwiftTests.swift in Sources */ = {isa = PBXBuildFile; fileRef = A45A229A1FA9C56800CBAD4B /* StudyRxSwiftTests.swift */; };
		A45A22A61FA9C56800CBAD4B /* StudyRxSwiftUITests.swift in Sources */ = {isa = PBXBuildFile; fileRef = A45A22A51FA9C56800CBAD4B /* StudyRxSwiftUITests.swift */; };
/* End PBXBuildFile section */

/* Begin PBXContainerItemProxy section */
		A45A22971FA9C56800CBAD4B /* PBXContainerItemProxy */ = {
			isa = PBXContainerItemProxy;
			containerPortal = A45A227A1FA9C56800CBAD4B /* Project object */;
			proxyType = 1;
			remoteGlobalIDString = A45A22811FA9C56800CBAD4B;
			remoteInfo = StudyRxSwift;
		};
		A45A22A21FA9C56800CBAD4B /* PBXContainerItemProxy */ = {
			isa = PBXContainerItemProxy;
			containerPortal = A45A227A1FA9C56800CBAD4B /* Project object */;
			proxyType = 1;
			remoteGlobalIDString = A45A22811FA9C56800CBAD4B;
			remoteInfo = StudyRxSwift;
		};
/* End PBXContainerItemProxy section */

/* Begin PBXFileReference section */
		A45A22821FA9C56800CBAD4B /* StudyRxSwift.app */ = {isa = PBXFileReference; explicitFileType = wrapper.application; includeInIndex = 0; path = StudyRxSwift.app; sourceTree = BUILT_PRODUCTS_DIR; };
		A45A22851FA9C56800CBAD4B /* AppDelegate.swift */ = {isa = PBXFileReference; lastKnownFileType = sourcecode.swift; path = AppDelegate.swift; sourceTree = "<group>"; };
		A45A22871FA9C56800CBAD4B /* ViewController.swift */ = {isa = PBXFileReference; lastKnownFileType = sourcecode.swift; path = ViewController.swift; sourceTree = "<group>"; };
		A45A228A1FA9C56800CBAD4B /* Base */ = {isa = PBXFileReference; lastKnownFileType = file.storyboard; name = Base; path = Base.lproj/Main.storyboard; sourceTree = "<group>"; };
		A45A228C1FA9C56800CBAD4B /* Assets.xcassets */ = {isa = PBXFileReference; lastKnownFileType = folder.assetcatalog; path = Assets.xcassets; sourceTree = "<group>"; };
		A45A228F1FA9C56800CBAD4B /* Base */ = {isa = PBXFileReference; lastKnownFileType = file.storyboard; name = Base; path = Base.lproj/LaunchScreen.storyboard; sourceTree = "<group>"; };
		A45A22911FA9C56800CBAD4B /* Info.plist */ = {isa = PBXFileReference; lastKnownFileType = text.plist.xml; path = Info.plist; sourceTree = "<group>"; };
		A45A22961FA9C56800CBAD4B /* StudyRxSwiftTests.xctest */ = {isa = PBXFileReference; explicitFileType = wrapper.cfbundle; includeInIndex = 0; path = StudyRxSwiftTests.xctest; sourceTree = BUILT_PRODUCTS_DIR; };
		A45A229A1FA9C56800CBAD4B /* StudyRxSwiftTests.swift */ = {isa = PBXFileReference; lastKnownFileType = sourcecode.swift; path = StudyRxSwiftTests.swift; sourceTree = "<group>"; };
		A45A229C1FA9C56800CBAD4B /* Info.plist */ = {isa = PBXFileReference; lastKnownFileType = text.plist.xml; path = Info.plist; sourceTree = "<group>"; };
		A45A22A11FA9C56800CBAD4B /* StudyRxSwiftUITests.xctest */ = {isa = PBXFileReference; explicitFileType = wrapper.cfbundle; includeInIndex = 0; path = StudyRxSwiftUITests.xctest; sourceTree = BUILT_PRODUCTS_DIR; };
		A45A22A51FA9C56800CBAD4B /* StudyRxSwiftUITests.swift */ = {isa = PBXFileReference; lastKnownFileType = sourcecode.swift; path = StudyRxSwiftUITests.swift; sourceTree = "<group>"; };
		A45A22A71FA9C56800CBAD4B /* Info.plist */ = {isa = PBXFileReference; lastKnownFileType = text.plist.xml; path = Info.plist; sourceTree = "<group>"; };
/* End PBXFileReference section */

/* Begin PBXFrameworksBuildPhase section */
		A45A227F1FA9C56800CBAD4B /* Frameworks */ = {
			isa = PBXFrameworksBuildPhase;
			buildActionMask = 2147483647;
			files = (
			);
			runOnlyForDeploymentPostprocessing = 0;
		};
		A45A22931FA9C56800CBAD4B /* Frameworks */ = {
			isa = PBXFrameworksBuildPhase;
			buildActionMask = 2147483647;
			files = (
			);
			runOnlyForDeploymentPostprocessing = 0;
		};
		A45A229E1FA9C56800CBAD4B /* Frameworks */ = {
			isa = PBXFrameworksBuildPhase;
			buildActionMask = 2147483647;
			files = (
			);
			runOnlyForDeploymentPostprocessing = 0;
		};
/* End PBXFrameworksBuildPhase section */

/* Begin PBXGroup section */
		A45A22791FA9C56800CBAD4B = {
			isa = PBXGroup;
			children = (
				A45A22841FA9C56800CBAD4B /* StudyRxSwift */,
				A45A22991FA9C56800CBAD4B /* StudyRxSwiftTests */,
				A45A22A41FA9C56800CBAD4B /* StudyRxSwiftUITests */,
				A45A22831FA9C56800CBAD4B /* Products */,
			);
			sourceTree = "<group>";
		};
		A45A22831FA9C56800CBAD4B /* Products */ = {
			isa = PBXGroup;
			children = (
				A45A22821FA9C56800CBAD4B /* StudyRxSwift.app */,
				A45A22961FA9C56800CBAD4B /* StudyRxSwiftTests.xctest */,
				A45A22A11FA9C56800CBAD4B /* StudyRxSwiftUITests.xctest */,
			);
			name = Products;
			sourceTree = "<group>";
		};
		A45A22841FA9C56800CBAD4B /* StudyRxSwift */ = {
			isa = PBXGroup;
			children = (
				A45A22851FA9C56800CBAD4B /* AppDelegate.swift */,
				A45A22871FA9C56800CBAD4B /* ViewController.swift */,
				A45A22891FA9C56800CBAD4B /* Main.storyboard */,
				A45A228C1FA9C56800CBAD4B /* Assets.xcassets */,
				A45A228E1FA9C56800CBAD4B /* LaunchScreen.storyboard */,
				A45A22911FA9C56800CBAD4B /* Info.plist */,
			);
			path = StudyRxSwift;
			sourceTree = "<group>";
		};
		A45A22991FA9C56800CBAD4B /* StudyRxSwiftTests */ = {
			isa = PBXGroup;
			children = (
				A45A229A1FA9C56800CBAD4B /* StudyRxSwiftTests.swift */,
				A45A229C1FA9C56800CBAD4B /* Info.plist */,
			);
			path = StudyRxSwiftTests;
			sourceTree = "<group>";
		};
		A45A22A41FA9C56800CBAD4B /* StudyRxSwiftUITests */ = {
			isa = PBXGroup;
			children = (
				A45A22A51FA9C56800CBAD4B /* StudyRxSwiftUITests.swift */,
				A45A22A71FA9C56800CBAD4B /* Info.plist */,
			);
			path = StudyRxSwiftUITests;
			sourceTree = "<group>";
		};
/* End PBXGroup section */

/* Begin PBXNativeTarget section */
		A45A22811FA9C56800CBAD4B /* StudyRxSwift */ = {
			isa = PBXNativeTarget;
			buildConfigurationList = A45A22AA1FA9C56800CBAD4B /* Build configuration list for PBXNativeTarget "StudyRxSwift" */;
			buildPhases = (
				A45A227E1FA9C56800CBAD4B /* Sources */,
				A45A227F1FA9C56800CBAD4B /* Frameworks */,
				A45A22801FA9C56800CBAD4B /* Resources */,
			);
			buildRules = (
			);
			dependencies = (
			);
			name = StudyRxSwift;
			productName = StudyRxSwift;
			productReference = A45A22821FA9C56800CBAD4B /* StudyRxSwift.app */;
			productType = "com.apple.product-type.application";
		};
		A45A22951FA9C56800CBAD4B /* StudyRxSwiftTests */ = {
			isa = PBXNativeTarget;
			buildConfigurationList = A45A22AD1FA9C56800CBAD4B /* Build configuration list for PBXNativeTarget "StudyRxSwiftTests" */;
			buildPhases = (
				A45A22921FA9C56800CBAD4B /* Sources */,
				A45A22931FA9C56800CBAD4B /* Frameworks */,
				A45A22941FA9C56800CBAD4B /* Resources */,
			);
			buildRules = (
			);
			dependencies = (
				A45A22981FA9C56800CBAD4B /* PBXTargetDependency */,
			);
			name = StudyRxSwiftTests;
			productName = StudyRxSwiftTests;
			productReference = A45A22961FA9C56800CBAD4B /* StudyRxSwiftTests.xctest */;
			productType = "com.apple.product-type.bundle.unit-test";
		};
		A45A22A01FA9C56800CBAD4B /* StudyRxSwiftUITests */ = {
			isa = PBXNativeTarget;
			buildConfigurationList = A45A22B01FA9C56800CBAD4B /* Build configuration list for PBXNativeTarget "StudyRxSwiftUITests" */;
			buildPhases = (
				A45A229D1FA9C56800CBAD4B /* Sources */,
				A45A229E1FA9C56800CBAD4B /* Frameworks */,
				A45A229F1FA9C56800CBAD4B /* Resources */,
			);
			buildRules = (
			);
			dependencies = (
				A45A22A31FA9C56800CBAD4B /* PBXTargetDependency */,
			);
			name = StudyRxSwiftUITests;
			productName = StudyRxSwiftUITests;
			productReference = A45A22A11FA9C56800CBAD4B /* StudyRxSwiftUITests.xctest */;
			productType = "com.apple.product-type.bundle.ui-testing";
		};
/* End PBXNativeTarget section */

/* Begin PBXProject section */
		A45A227A1FA9C56800CBAD4B /* Project object */ = {
			isa = PBXProject;
			attributes = {
				LastSwiftUpdateCheck = 0830;
				LastUpgradeCheck = 0830;
				ORGANIZATIONNAME = "谭彪";
				TargetAttributes = {
					A45A22811FA9C56800CBAD4B = {
						CreatedOnToolsVersion = 8.3.3;
						ProvisioningStyle = Automatic;
					};
					A45A22951FA9C56800CBAD4B = {
						CreatedOnToolsVersion = 8.3.3;
						ProvisioningStyle = Automatic;
						TestTargetID = A45A22811FA9C56800CBAD4B;
					};
					A45A22A01FA9C56800CBAD4B = {
						CreatedOnToolsVersion = 8.3.3;
						ProvisioningStyle = Automatic;
						TestTargetID = A45A22811FA9C56800CBAD4B;
					};
				};
			};
			buildConfigurationList = A45A227D1FA9C56800CBAD4B /* Build configuration list for PBXProject "StudyRxSwift" */;
			compatibilityVersion = "Xcode 3.2";
			developmentRegion = English;
			hasScannedForEncodings = 0;
			knownRegions = (
				en,
				Base,
			);
			mainGroup = A45A22791FA9C56800CBAD4B;
			productRefGroup = A45A22831FA9C56800CBAD4B /* Products */;
			projectDirPath = "";
			projectRoot = "";
			targets = (
				A45A22811FA9C56800CBAD4B /* StudyRxSwift */,
				A45A22951FA9C56800CBAD4B /* StudyRxSwiftTests */,
				A45A22A01FA9C56800CBAD4B /* StudyRxSwiftUITests */,
			);
		};
/* End PBXProject section */

/* Begin PBXResourcesBuildPhase section */
		A45A22801FA9C56800CBAD4B /* Resources */ = {
			isa = PBXResourcesBuildPhase;
			buildActionMask = 2147483647;
			files = (
				A45A22901FA9C56800CBAD4B /* LaunchScreen.storyboard in Resources */,
				A45A228D1FA9C56800CBAD4B /* Assets.xcassets in Resources */,
				A45A228B1FA9C56800CBAD4B /* Main.storyboard in Resources */,
			);
			runOnlyForDeploymentPostprocessing = 0;
		};
		A45A22941FA9C56800CBAD4B /* Resources */ = {
			isa = PBXResourcesBuildPhase;
			buildActionMask = 2147483647;
			files = (
			);
			runOnlyForDeploymentPostprocessing = 0;
		};
		A45A229F1FA9C56800CBAD4B /* Resources */ = {
			isa = PBXResourcesBuildPhase;
			buildActionMask = 2147483647;
			files = (
			);
			runOnlyForDeploymentPostprocessing = 0;
		};
/* End PBXResourcesBuildPhase section */

/* Begin PBXSourcesBuildPhase section */
		A45A227E1FA9C56800CBAD4B /* Sources */ = {
			isa = PBXSourcesBuildPhase;
			buildActionMask = 2147483647;
			files = (
				A45A22881FA9C56800CBAD4B /* ViewController.swift in Sources */,
				A45A22861FA9C56800CBAD4B /* AppDelegate.swift in Sources */,
			);
			runOnlyForDeploymentPostprocessing = 0;
		};
		A45A22921FA9C56800CBAD4B /* Sources */ = {
			isa = PBXSourcesBuildPhase;
			buildActionMask = 2147483647;
			files = (
				A45A229B1FA9C56800CBAD4B /* StudyRxSwiftTests.swift in Sources */,
			);
			runOnlyForDeploymentPostprocessing = 0;
		};
		A45A229D1FA9C56800CBAD4B /* Sources */ = {
			isa = PBXSourcesBuildPhase;
			buildActionMask = 2147483647;
			files = (
				A45A22A61FA9C56800CBAD4B /* StudyRxSwiftUITests.swift in Sources */,
			);
			runOnlyForDeploymentPostprocessing = 0;
		};
/* End PBXSourcesBuildPhase section */

/* Begin PBXTargetDependency section */
		A45A22981FA9C56800CBAD4B /* PBXTargetDependency */ = {
			isa = PBXTargetDependency;
			target = A45A22811FA9C56800CBAD4B /* StudyRxSwift */;
			targetProxy = A45A22971FA9C56800CBAD4B /* PBXContainerItemProxy */;
		};
		A45A22A31FA9C56800CBAD4B /* PBXTargetDependency */ = {
			isa = PBXTargetDependency;
			target = A45A22811FA9C56800CBAD4B /* StudyRxSwift */;
			targetProxy = A45A22A21FA9C56800CBAD4B /* PBXContainerItemProxy */;
		};
/* End PBXTargetDependency section */

/* Begin PBXVariantGroup section */
		A45A22891FA9C56800CBAD4B /* Main.storyboard */ = {
			isa = PBXVariantGroup;
			children = (
				A45A228A1FA9C56800CBAD4B /* Base */,
			);
			name = Main.storyboard;
			sourceTree = "<group>";
		};
		A45A228E1FA9C56800CBAD4B /* LaunchScreen.storyboard */ = {
			isa = PBXVariantGroup;
			children = (
				A45A228F1FA9C56800CBAD4B /* Base */,
			);
			name = LaunchScreen.storyboard;
			sourceTree = "<group>";
		};
/* End PBXVariantGroup section */

/* Begin XCBuildConfiguration section */
		A45A22A81FA9C56800CBAD4B /* Debug */ = {
			isa = XCBuildConfiguration;
			buildSettings = {
				ALWAYS_SEARCH_USER_PATHS = NO;
				CLANG_ANALYZER_NONNULL = YES;
				CLANG_ANALYZER_NUMBER_OBJECT_CONVERSION = YES_AGGRESSIVE;
				CLANG_CXX_LANGUAGE_STANDARD = "gnu++0x";
				CLANG_CXX_LIBRARY = "libc++";
				CLANG_ENABLE_MODULES = YES;
				CLANG_ENABLE_OBJC_ARC = YES;
				CLANG_WARN_BOOL_CONVERSION = YES;
				CLANG_WARN_CONSTANT_CONVERSION = YES;
				CLANG_WARN_DIRECT_OBJC_ISA_USAGE = YES_ERROR;
				CLANG_WARN_DOCUMENTATION_COMMENTS = YES;
				CLANG_WARN_EMPTY_BODY = YES;
				CLANG_WARN_ENUM_CONVERSION = YES;
				CLANG_WARN_INFINITE_RECURSION = YES;
				CLANG_WARN_INT_CONVERSION = YES;
				CLANG_WARN_OBJC_ROOT_CLASS = YES_ERROR;
				CLANG_WARN_SUSPICIOUS_MOVE = YES;
				CLANG_WARN_UNREACHABLE_CODE = YES;
				CLANG_WARN__DUPLICATE_METHOD_MATCH = YES;
				"CODE_SIGN_IDENTITY[sdk=iphoneos*]" = "iPhone Developer";
				COPY_PHASE_STRIP = NO;
				DEBUG_INFORMATION_FORMAT = dwarf;
				ENABLE_STRICT_OBJC_MSGSEND = YES;
				ENABLE_TESTABILITY = YES;
				GCC_C_LANGUAGE_STANDARD = gnu99;
				GCC_DYNAMIC_NO_PIC = NO;
				GCC_NO_COMMON_BLOCKS = YES;
				GCC_OPTIMIZATION_LEVEL = 0;
				GCC_PREPROCESSOR_DEFINITIONS = (
					"DEBUG=1",
					"$(inherited)",
				);
				GCC_WARN_64_TO_32_BIT_CONVERSION = YES;
				GCC_WARN_ABOUT_RETURN_TYPE = YES_ERROR;
				GCC_WARN_UNDECLARED_SELECTOR = YES;
				GCC_WARN_UNINITIALIZED_AUTOS = YES_AGGRESSIVE;
				GCC_WARN_UNUSED_FUNCTION = YES;
				GCC_WARN_UNUSED_VARIABLE = YES;
				IPHONEOS_DEPLOYMENT_TARGET = 10.3;
				MTL_ENABLE_DEBUG_INFO = YES;
				ONLY_ACTIVE_ARCH = YES;
				SDKROOT = iphoneos;
				SWIFT_ACTIVE_COMPILATION_CONDITIONS = DEBUG;
				SWIFT_OPTIMIZATION_LEVEL = "-Onone";
				TARGETED_DEVICE_FAMILY = "1,2";
			};
			name = Debug;
		};
		A45A22A91FA9C56800CBAD4B /* Release */ = {
			isa = XCBuildConfiguration;
			buildSettings = {
				ALWAYS_SEARCH_USER_PATHS = NO;
				CLANG_ANALYZER_NONNULL = YES;
				CLANG_ANALYZER_NUMBER_OBJECT_CONVERSION = YES_AGGRESSIVE;
				CLANG_CXX_LANGUAGE_STANDARD = "gnu++0x";
				CLANG_CXX_LIBRARY = "libc++";
				CLANG_ENABLE_MODULES = YES;
				CLANG_ENABLE_OBJC_ARC = YES;
				CLANG_WARN_BOOL_CONVERSION = YES;
				CLANG_WARN_CONSTANT_CONVERSION = YES;
				CLANG_WARN_DIRECT_OBJC_ISA_USAGE = YES_ERROR;
				CLANG_WARN_DOCUMENTATION_COMMENTS = YES;
				CLANG_WARN_EMPTY_BODY = YES;
				CLANG_WARN_ENUM_CONVERSION = YES;
				CLANG_WARN_INFINITE_RECURSION = YES;
				CLANG_WARN_INT_CONVERSION = YES;
				CLANG_WARN_OBJC_ROOT_CLASS = YES_ERROR;
				CLANG_WARN_SUSPICIOUS_MOVE = YES;
				CLANG_WARN_UNREACHABLE_CODE = YES;
				CLANG_WARN__DUPLICATE_METHOD_MATCH = YES;
				"CODE_SIGN_IDENTITY[sdk=iphoneos*]" = "iPhone Developer";
				COPY_PHASE_STRIP = NO;
				DEBUG_INFORMATION_FORMAT = "dwarf-with-dsym";
				ENABLE_NS_ASSERTIONS = NO;
				ENABLE_STRICT_OBJC_MSGSEND = YES;
				GCC_C_LANGUAGE_STANDARD = gnu99;
				GCC_NO_COMMON_BLOCKS = YES;
				GCC_WARN_64_TO_32_BIT_CONVERSION = YES;
				GCC_WARN_ABOUT_RETURN_TYPE = YES_ERROR;
				GCC_WARN_UNDECLARED_SELECTOR = YES;
				GCC_WARN_UNINITIALIZED_AUTOS = YES_AGGRESSIVE;
				GCC_WARN_UNUSED_FUNCTION = YES;
				GCC_WARN_UNUSED_VARIABLE = YES;
				IPHONEOS_DEPLOYMENT_TARGET = 10.3;
				MTL_ENABLE_DEBUG_INFO = NO;
				SDKROOT = iphoneos;
				SWIFT_OPTIMIZATION_LEVEL = "-Owholemodule";
				TARGETED_DEVICE_FAMILY = "1,2";
				VALIDATE_PRODUCT = YES;
			};
			name = Release;
		};
		A45A22AB1FA9C56800CBAD4B /* Debug */ = {
			isa = XCBuildConfiguration;
			buildSettings = {
				ASSETCATALOG_COMPILER_APPICON_NAME = AppIcon;
				INFOPLIST_FILE = StudyRxSwift/Info.plist;
				LD_RUNPATH_SEARCH_PATHS = "$(inherited) @executable_path/Frameworks";
				PRODUCT_BUNDLE_IDENTIFIER = lewwei.StudyRxSwift;
				PRODUCT_NAME = "$(TARGET_NAME)";
				SWIFT_VERSION = 3.0;
			};
			name = Debug;
		};
		A45A22AC1FA9C56800CBAD4B /* Release */ = {
			isa = XCBuildConfiguration;
			buildSettings = {
				ASSETCATALOG_COMPILER_APPICON_NAME = AppIcon;
				INFOPLIST_FILE = StudyRxSwift/Info.plist;
				LD_RUNPATH_SEARCH_PATHS = "$(inherited) @executable_path/Frameworks";
				PRODUCT_BUNDLE_IDENTIFIER = lewwei.StudyRxSwift;
				PRODUCT_NAME = "$(TARGET_NAME)";
				SWIFT_VERSION = 3.0;
			};
			name = Release;
		};
		A45A22AE1FA9C56800CBAD4B /* Debug */ = {
			isa = XCBuildConfiguration;
			buildSettings = {
				ALWAYS_EMBED_SWIFT_STANDARD_LIBRARIES = YES;
				BUNDLE_LOADER = "$(TEST_HOST)";
				INFOPLIST_FILE = StudyRxSwiftTests/Info.plist;
				LD_RUNPATH_SEARCH_PATHS = "$(inherited) @executable_path/Frameworks @loader_path/Frameworks";
				PRODUCT_BUNDLE_IDENTIFIER = lewwei.StudyRxSwiftTests;
				PRODUCT_NAME = "$(TARGET_NAME)";
				SWIFT_VERSION = 3.0;
				TEST_HOST = "$(BUILT_PRODUCTS_DIR)/StudyRxSwift.app/StudyRxSwift";
			};
			name = Debug;
		};
		A45A22AF1FA9C56800CBAD4B /* Release */ = {
			isa = XCBuildConfiguration;
			buildSettings = {
				ALWAYS_EMBED_SWIFT_STANDARD_LIBRARIES = YES;
				BUNDLE_LOADER = "$(TEST_HOST)";
				INFOPLIST_FILE = StudyRxSwiftTests/Info.plist;
				LD_RUNPATH_SEARCH_PATHS = "$(inherited) @executable_path/Frameworks @loader_path/Frameworks";
				PRODUCT_BUNDLE_IDENTIFIER = lewwei.StudyRxSwiftTests;
				PRODUCT_NAME = "$(TARGET_NAME)";
				SWIFT_VERSION = 3.0;
				TEST_HOST = "$(BUILT_PRODUCTS_DIR)/StudyRxSwift.app/StudyRxSwift";
			};
			name = Release;
		};
		A45A22B11FA9C56800CBAD4B /* Debug */ = {
			isa = XCBuildConfiguration;
			buildSettings = {
				ALWAYS_EMBED_SWIFT_STANDARD_LIBRARIES = YES;
				INFOPLIST_FILE = StudyRxSwiftUITests/Info.plist;
				LD_RUNPATH_SEARCH_PATHS = "$(inherited) @executable_path/Frameworks @loader_path/Frameworks";
				PRODUCT_BUNDLE_IDENTIFIER = lewwei.StudyRxSwiftUITests;
				PRODUCT_NAME = "$(TARGET_NAME)";
				SWIFT_VERSION = 3.0;
				TEST_TARGET_NAME = StudyRxSwift;
			};
			name = Debug;
		};
		A45A22B21FA9C56800CBAD4B /* Release */ = {
			isa = XCBuildConfiguration;
			buildSettings = {
				ALWAYS_EMBED_SWIFT_STANDARD_LIBRARIES = YES;
				INFOPLIST_FILE = StudyRxSwiftUITests/Info.plist;
				LD_RUNPATH_SEARCH_PATHS = "$(inherited) @executable_path/Frameworks @loader_path/Frameworks";
				PRODUCT_BUNDLE_IDENTIFIER = lewwei.StudyRxSwiftUITests;
				PRODUCT_NAME = "$(TARGET_NAME)";
				SWIFT_VERSION = 3.0;
				TEST_TARGET_NAME = StudyRxSwift;
			};
			name = Release;
		};
/* End XCBuildConfiguration section */

/* Begin XCConfigurationList section */
		A45A227D1FA9C56800CBAD4B /* Build configuration list for PBXProject "StudyRxSwift" */ = {
			isa = XCConfigurationList;
			buildConfigurations = (
				A45A22A81FA9C56800CBAD4B /* Debug */,
				A45A22A91FA9C56800CBAD4B /* Release */,
			);
			defaultConfigurationIsVisible = 0;
			defaultConfigurationName = Release;
		};
		A45A22AA1FA9C56800CBAD4B /* Build configuration list for PBXNativeTarget "StudyRxSwift" */ = {
			isa = XCConfigurationList;
			buildConfigurations = (
				A45A22AB1FA9C56800CBAD4B /* Debug */,
				A45A22AC1FA9C56800CBAD4B /* Release */,
			);
			defaultConfigurationIsVisible = 0;
		};
		A45A22AD1FA9C56800CBAD4B /* Build configuration list for PBXNativeTarget "StudyRxSwiftTests" */ = {
			isa = XCConfigurationList;
			buildConfigurations = (
				A45A22AE1FA9C56800CBAD4B /* Debug */,
				A45A22AF1FA9C56800CBAD4B /* Release */,
			);
			defaultConfigurationIsVisible = 0;
		};
		A45A22B01FA9C56800CBAD4B /* Build configuration list for PBXNativeTarget "StudyRxSwiftUITests" */ = {
			isa = XCConfigurationList;
			buildConfigurations = (
				A45A22B11FA9C56800CBAD4B /* Debug */,
				A45A22B21FA9C56800CBAD4B /* Release */,
			);
			defaultConfigurationIsVisible = 0;
		};
/* End XCConfigurationList section */
	};
	rootObject = A45A227A1FA9C56800CBAD4B /* Project object */;
}
